
Microsoft Visual Studio Solution File, Format Version 12.00
# Visual Studio 15
VisualStudioVersion = 15.0.28307.852
MinimumVisualStudioVersion = 10.0.40219.1
Project("{9A19103F-16F7-4668-BE54-9A1E7A4F7556}") = "pubEx", "pubEx\pubEx.csproj", "{8B22296E-6E77-4FBF-8BC0-7EBB1B7883F0}"
EndProject
Project("{9A19103F-16F7-4668-BE54-9A1E7A4F7556}") = "Message", "Message\Message.csproj", "{DCBCBC39-8178-40B2-94C9-E2B76E219C29}"
EndProject
Global
	GlobalSection(SolutionConfigurationPlatforms) = preSolution
		Debug|Any CPU = Debug|Any CPU
		Release|Any CPU = Release|Any CPU
	EndGlobalSection
	GlobalSection(ProjectConfigurationPlatforms) = postSolution
		{8B22296E-6E77-4FBF-8BC0-7EBB1B7883F0}.Debug|Any CPU.ActiveCfg = Debug|Any CPU
		{8B22296E-6E77-4FBF-8BC0-7EBB1B7883F0}.Debug|Any CPU.Build.0 = Debug|Any CPU
		{8B22296E-6E77-4FBF-8BC0-7EBB1B7883F0}.Release|Any CPU.ActiveCfg = Release|Any CPU
		{8B22296E-6E77-4FBF-8BC0-7EBB1B7883F0}.Release|Any CPU.Build.0 = Release|Any CPU
		{DCBCBC39-8178-40B2-94C9-E2B76E219C29}.Debug|Any CPU.ActiveCfg = Debug|Any CPU
		{DCBCBC39-8178-40B2-94C9-E2B76E219C29}.Debug|Any CPU.Build.0 = Debug|Any CPU
		{DCBCBC39-8178-40B2-94C9-E2B76E219C29}.Release|Any CPU.ActiveCfg = Release|Any CPU
		{DCBCBC39-8178-40B2-94C9-E2B76E219C29}.Release|Any CPU.Build.0 = Release|Any CPU
	EndGlobalSection
	GlobalSection(SolutionProperties) = preSolution
		HideSolutionNode = FALSE
	EndGlobalSection
	GlobalSection(ExtensibilityGlobals) = postSolution
		SolutionGuid = {1A043DFA-CC5B-4C29-8122-87DE1ACC1906}
	EndGlobalSection
EndGlobal
